{
  "name": "add-two-numbers2",
  "version": "1.0.1",
  "lockfileVersion": 3,
  "requires": true,
  "packages": {
    "": {
      "name": "add-two-numbers2",
      "version": "1.0.1",
      "license": "MIT",
      "dependencies": {
        "@stdlib/number-ctor": "^0.2.2",
        "examplebyraji": "^1.0.0"
      }
    },
    "node_modules/@stdlib/number-ctor": {
      "version": "0.2.2",
      "resolved": "https://registry.npmjs.org/@stdlib/number-ctor/-/number-ctor-0.2.2.tgz",
      "integrity": "sha512-98pL4f1uiXVIw9uRV6t4xecMFUYRRTUoctsqDDV8MSRtKEYDzqkWCNz/auupJFJ135L1ejzkejh73fASsgcwKQ==",
      "license": "Apache-2.0",
      "os": [
        "aix",
        "darwin",
        "freebsd",
        "linux",
        "macos",
        "openbsd",
        "sunos",
        "win32",
        "windows"
      ],
      "engines": {
        "node": ">=0.10.0",
        "npm": ">2.7.0"
      },
      "funding": {
        "type": "opencollective",
        "url": "https://opencollective.com/stdlib"
      }
    },
    "node_modules/examplebyraji": {
      "version": "1.0.0",
      "resolved": "https://registry.npmjs.org/examplebyraji/-/examplebyraji-1.0.0.tgz",
      "integrity": "sha512-gDjLB0DOefiqgvqoxmbxVwXXaHHinBxK1FPneN/LvJqw88/DllBmihSKVyyjoqrtBH659hOBIwxKORvFgabSgQ==",
      "license": "ISC"
    }
  }
}
